
Microsoft Visual Studio Solution File, Format Version 12.00
# Visual Studio Version 16
VisualStudioVersion = 16.0.28803.202
MinimumVisualStudioVersion = 10.0.40219.1
Project("{FAE04EC0-301F-11D3-BF4B-00C04F79EFBC}") = "FlashCard", "FlashCard\FlashCard.csproj", "{6FA1BFBF-BBE8-45C3-AD58-755C03E8852C}"
EndProject
Global
	GlobalSection(SolutionConfigurationPlatforms) = preSolution
		Debug|Any CPU = Debug|Any CPU
		Release|Any CPU = Release|Any CPU
	EndGlobalSection
	GlobalSection(ProjectConfigurationPlatforms) = postSolution
		{6FA1BFBF-BBE8-45C3-AD58-755C03E8852C}.Debug|Any CPU.ActiveCfg = Debug|Any CPU
		{6FA1BFBF-BBE8-45C3-AD58-755C03E8852C}.Debug|Any CPU.Build.0 = Debug|Any CPU
		{6FA1BFBF-BBE8-45C3-AD58-755C03E8852C}.Release|Any CPU.ActiveCfg = Release|Any CPU
		{6FA1BFBF-BBE8-45C3-AD58-755C03E8852C}.Release|Any CPU.Build.0 = Release|Any CPU
	EndGlobalSection
	GlobalSection(SolutionProperties) = preSolution
		HideSolutionNode = FALSE
	EndGlobalSection
	GlobalSection(ExtensibilityGlobals) = postSolution
		SolutionGuid = {99F6E25F-BF8C-4A0D-B5AC-8DEC641B1E9B}
	EndGlobalSection
EndGlobal
